
Microsoft Visual Studio Solution File, Format Version 12.00
# Visual Studio Version 17
VisualStudioVersion = 17.5.33516.290
MinimumVisualStudioVersion = 10.0.40219.1
Project("{FAE04EC0-301F-11D3-BF4B-00C04F79EFBC}") = "admin_api", "admin_api.csproj", "{DD53DCF0-E287-415F-A306-F7961EEACA7A}"
EndProject
Global
	GlobalSection(SolutionConfigurationPlatforms) = preSolution
		Debug|Any CPU = Debug|Any CPU
		Release|Any CPU = Release|Any CPU
	EndGlobalSection
	GlobalSection(ProjectConfigurationPlatforms) = postSolution
		{DD53DCF0-E287-415F-A306-F7961EEACA7A}.Debug|Any CPU.ActiveCfg = Debug|Any CPU
		{DD53DCF0-E287-415F-A306-F7961EEACA7A}.Debug|Any CPU.Build.0 = Debug|Any CPU
		{DD53DCF0-E287-415F-A306-F7961EEACA7A}.Release|Any CPU.ActiveCfg = Release|Any CPU
		{DD53DCF0-E287-415F-A306-F7961EEACA7A}.Release|Any CPU.Build.0 = Release|Any CPU
	EndGlobalSection
	GlobalSection(SolutionProperties) = preSolution
		HideSolutionNode = FALSE
	EndGlobalSection
	GlobalSection(ExtensibilityGlobals) = postSolution
		SolutionGuid = {CCA40B58-1CCB-4A5C-918A-8A07EE25638E}
	EndGlobalSection
EndGlobal
